
Microsoft Visual Studio Solution File, Format Version 12.00
# Visual Studio Version 17
VisualStudioVersion = 17.5.33516.290
MinimumVisualStudioVersion = 10.0.40219.1
Project("{FAE04EC0-301F-11D3-BF4B-00C04F79EFBC}") = "BIGFOODSERVICE", "BIGFOODSERVICE\BIGFOODSERVICE.csproj", "{BDA01C5D-7E44-4371-9A28-ED4C83BF39C8}"
EndProject
Project("{FAE04EC0-301F-11D3-BF4B-00C04F79EFBC}") = "BLL", "BLL\BLL.csproj", "{FF18A056-4D3B-4090-AC5A-B0E250B818AE}"
EndProject
Project("{FAE04EC0-301F-11D3-BF4B-00C04F79EFBC}") = "DAL", "DAL\DAL.csproj", "{405B9A4F-A8DF-43FC-B92E-711F90590A0D}"
EndProject
Global
	GlobalSection(SolutionConfigurationPlatforms) = preSolution
		Debug|Any CPU = Debug|Any CPU
		Release|Any CPU = Release|Any CPU
	EndGlobalSection
	GlobalSection(ProjectConfigurationPlatforms) = postSolution
		{BDA01C5D-7E44-4371-9A28-ED4C83BF39C8}.Debug|Any CPU.ActiveCfg = Debug|Any CPU
		{BDA01C5D-7E44-4371-9A28-ED4C83BF39C8}.Debug|Any CPU.Build.0 = Debug|Any CPU
		{BDA01C5D-7E44-4371-9A28-ED4C83BF39C8}.Release|Any CPU.ActiveCfg = Release|Any CPU
		{BDA01C5D-7E44-4371-9A28-ED4C83BF39C8}.Release|Any CPU.Build.0 = Release|Any CPU
		{FF18A056-4D3B-4090-AC5A-B0E250B818AE}.Debug|Any CPU.ActiveCfg = Debug|Any CPU
		{FF18A056-4D3B-4090-AC5A-B0E250B818AE}.Debug|Any CPU.Build.0 = Debug|Any CPU
		{FF18A056-4D3B-4090-AC5A-B0E250B818AE}.Release|Any CPU.ActiveCfg = Release|Any CPU
		{FF18A056-4D3B-4090-AC5A-B0E250B818AE}.Release|Any CPU.Build.0 = Release|Any CPU
		{405B9A4F-A8DF-43FC-B92E-711F90590A0D}.Debug|Any CPU.ActiveCfg = Debug|Any CPU
		{405B9A4F-A8DF-43FC-B92E-711F90590A0D}.Debug|Any CPU.Build.0 = Debug|Any CPU
		{405B9A4F-A8DF-43FC-B92E-711F90590A0D}.Release|Any CPU.ActiveCfg = Release|Any CPU
		{405B9A4F-A8DF-43FC-B92E-711F90590A0D}.Release|Any CPU.Build.0 = Release|Any CPU
	EndGlobalSection
	GlobalSection(SolutionProperties) = preSolution
		HideSolutionNode = FALSE
	EndGlobalSection
	GlobalSection(ExtensibilityGlobals) = postSolution
		SolutionGuid = {19181666-941B-481D-9A5F-1A7AA957A719}
	EndGlobalSection
EndGlobal
